# This file is automatically @generated by Cargo.
# It is not intended for manual editing.
version = 4

[[package]]
name = "glam"
version = "0.28.0"
source = "registry+https://github.com/rust-lang/crates.io-index"
checksum = "779ae4bf7e8421cf91c0b3b64e7e8b40b862fba4d393f59150042de7c4965a94"

[[package]]
name = "pxl"
version = "0.1.0"
dependencies = [
 "glam",
 "pxl-sys",
]

[[package]]
name = "pxl-examples"
version = "0.1.0"
dependencies = [
 "glam",
 "pxl",
]

[[package]]
name = "pxl-sys"
version = "0.1.0"
